// !$*UTF8*$!
{
	archiveVersion = 1;
	classes = {
	};
	objectVersion = 50;
	objects = {

/* Begin PBXBuildFile section */
		CC0D24BC2185740E00FA2718 /* AppDelegate.swift in Sources */ = {isa = PBXBuildFile; fileRef = CC0D24BB2185740E00FA2718 /* AppDelegate.swift */; };
		CC0D24BE2185740E00FA2718 /* ViewController.swift in Sources */ = {isa = PBXBuildFile; fileRef = CC0D24BD2185740E00FA2718 /* ViewController.swift */; };
		CC0D24C12185740E00FA2718 /* Main.storyboard in Resources */ = {isa = PBXBuildFile; fileRef = CC0D24BF2185740E00FA2718 /* Main.storyboard */; };
		CC0D24C32185741100FA2718 /* Assets.xcassets in Resources */ = {isa = PBXBuildFile; fileRef = CC0D24C22185741100FA2718 /* Assets.xcassets */; };
		CC0D24C62185741100FA2718 /* LaunchScreen.storyboard in Resources */ = {isa = PBXBuildFile; fileRef = CC0D24C42185741100FA2718 /* LaunchScreen.storyboard */; };
		CC0D24CF21857B0900FA2718 /* AccessPass.swift in Sources */ = {isa = PBXBuildFile; fileRef = CC0D24CE21857B0900FA2718 /* AccessPass.swift */; };
		CC0D24D121857B5700FA2718 /* Entrant.swift in Sources */ = {isa = PBXBuildFile; fileRef = CC0D24D021857B5700FA2718 /* Entrant.swift */; };
		CC0D24D321857FE100FA2718 /* ParkEntrant.swift in Sources */ = {isa = PBXBuildFile; fileRef = CC0D24D221857FE100FA2718 /* ParkEntrant.swift */; };
		CC0D24DB218583CC00FA2718 /* PassCategories.swift in Sources */ = {isa = PBXBuildFile; fileRef = CC0D24DA218583CC00FA2718 /* PassCategories.swift */; };
		CC0D24DD2185855200FA2718 /* AccessPassPrivileges.swift in Sources */ = {isa = PBXBuildFile; fileRef = CC0D24DC2185855200FA2718 /* AccessPassPrivileges.swift */; };
		CC0D24DF2185866000FA2718 /* Swipable.swift in Sources */ = {isa = PBXBuildFile; fileRef = CC0D24DE2185866000FA2718 /* Swipable.swift */; };
		CC0D24E5218591BF00FA2718 /* ParkPass.swift in Sources */ = {isa = PBXBuildFile; fileRef = CC0D24E4218591BF00FA2718 /* ParkPass.swift */; };
		CC0D24ED2185BA4200FA2718 /* ClassicGuestPass.swift in Sources */ = {isa = PBXBuildFile; fileRef = CC0D24EC2185BA4200FA2718 /* ClassicGuestPass.swift */; };
		CC0D24FA2185E16500FA2718 /* VIPGuestPass.swift in Sources */ = {isa = PBXBuildFile; fileRef = CC0D24F92185E16500FA2718 /* VIPGuestPass.swift */; };
		CC0D24FC2185E90000FA2718 /* FreeChildGuestPass.swift in Sources */ = {isa = PBXBuildFile; fileRef = CC0D24FB2185E90000FA2718 /* FreeChildGuestPass.swift */; };
		CC0D24FE2185EC4C00FA2718 /* GuestPass.swift in Sources */ = {isa = PBXBuildFile; fileRef = CC0D24FD2185EC4C00FA2718 /* GuestPass.swift */; };
		CC0D25012185FE0500FA2718 /* Errors.swift in Sources */ = {isa = PBXBuildFile; fileRef = CC0D25002185FE0500FA2718 /* Errors.swift */; };
		CC0D250B218626FE00FA2718 /* HourlyEmployeeFoodServicesPass.swift in Sources */ = {isa = PBXBuildFile; fileRef = CC0D250A218626FE00FA2718 /* HourlyEmployeeFoodServicesPass.swift */; };
		CC0D250D2186271C00FA2718 /* HourlyEmployeeRideServicesPass.swift in Sources */ = {isa = PBXBuildFile; fileRef = CC0D250C2186271C00FA2718 /* HourlyEmployeeRideServicesPass.swift */; };
		CC0D250F2186273000FA2718 /* HourlyEmployeeMaintenancePass.swift in Sources */ = {isa = PBXBuildFile; fileRef = CC0D250E2186273000FA2718 /* HourlyEmployeeMaintenancePass.swift */; };
		CC0D251121862A2B00FA2718 /* ManagerPass.swift in Sources */ = {isa = PBXBuildFile; fileRef = CC0D251021862A2B00FA2718 /* ManagerPass.swift */; };
		CC19B2FD2188CD7A00BAA109 /* AccessPassGeneratorAppTester.swift in Sources */ = {isa = PBXBuildFile; fileRef = CC19B2FC2188CD7A00BAA109 /* AccessPassGeneratorAppTester.swift */; };
		CCD7A74321D7259900E00B71 /* SeasonGuestPass.swift in Sources */ = {isa = PBXBuildFile; fileRef = CCD7A74221D7259900E00B71 /* SeasonGuestPass.swift */; };
		CCD7A74521D725FE00E00B71 /* SeniorGuestPass.swift in Sources */ = {isa = PBXBuildFile; fileRef = CCD7A74421D725FE00E00B71 /* SeniorGuestPass.swift */; };
		CCD7A74921D72EC800E00B71 /* ContractEmployeePass.swift in Sources */ = {isa = PBXBuildFile; fileRef = CCD7A74821D72EC800E00B71 /* ContractEmployeePass.swift */; };
/* End PBXBuildFile section */

/* Begin PBXFileReference section */
		CC0D24B82185740E00FA2718 /* AmusementParkAccessPassGeneratorApp.app */ = {isa = PBXFileReference; explicitFileType = wrapper.application; includeInIndex = 0; path = AmusementParkAccessPassGeneratorApp.app; sourceTree = BUILT_PRODUCTS_DIR; };
		CC0D24BB2185740E00FA2718 /* AppDelegate.swift */ = {isa = PBXFileReference; lastKnownFileType = sourcecode.swift; path = AppDelegate.swift; sourceTree = "<group>"; };
		CC0D24BD2185740E00FA2718 /* ViewController.swift */ = {isa = PBXFileReference; lastKnownFileType = sourcecode.swift; path = ViewController.swift; sourceTree = "<group>"; };
		CC0D24C02185740E00FA2718 /* Base */ = {isa = PBXFileReference; lastKnownFileType = file.storyboard; name = Base; path = Base.lproj/Main.storyboard; sourceTree = "<group>"; };
		CC0D24C22185741100FA2718 /* Assets.xcassets */ = {isa = PBXFileReference; lastKnownFileType = folder.assetcatalog; path = Assets.xcassets; sourceTree = "<group>"; };
		CC0D24C52185741100FA2718 /* Base */ = {isa = PBXFileReference; lastKnownFileType = file.storyboard; name = Base; path = Base.lproj/LaunchScreen.storyboard; sourceTree = "<group>"; };
		CC0D24C72185741100FA2718 /* Info.plist */ = {isa = PBXFileReference; lastKnownFileType = text.plist.xml; path = Info.plist; sourceTree = "<group>"; };
		CC0D24CE21857B0900FA2718 /* AccessPass.swift */ = {isa = PBXFileReference; lastKnownFileType = sourcecode.swift; path = AccessPass.swift; sourceTree = "<group>"; };
		CC0D24D021857B5700FA2718 /* Entrant.swift */ = {isa = PBXFileReference; lastKnownFileType = sourcecode.swift; path = Entrant.swift; sourceTree = "<group>"; };
		CC0D24D221857FE100FA2718 /* ParkEntrant.swift */ = {isa = PBXFileReference; lastKnownFileType = sourcecode.swift; path = ParkEntrant.swift; sourceTree = "<group>"; };
		CC0D24DA218583CC00FA2718 /* PassCategories.swift */ = {isa = PBXFileReference; lastKnownFileType = sourcecode.swift; path = PassCategories.swift; sourceTree = "<group>"; };
		CC0D24DC2185855200FA2718 /* AccessPassPrivileges.swift */ = {isa = PBXFileReference; lastKnownFileType = sourcecode.swift; path = AccessPassPrivileges.swift; sourceTree = "<group>"; };
		CC0D24DE2185866000FA2718 /* Swipable.swift */ = {isa = PBXFileReference; lastKnownFileType = sourcecode.swift; path = Swipable.swift; sourceTree = "<group>"; };
		CC0D24E4218591BF00FA2718 /* ParkPass.swift */ = {isa = PBXFileReference; lastKnownFileType = sourcecode.swift; path = ParkPass.swift; sourceTree = "<group>"; };
		CC0D24EC2185BA4200FA2718 /* ClassicGuestPass.swift */ = {isa = PBXFileReference; lastKnownFileType = sourcecode.swift; path = ClassicGuestPass.swift; sourceTree = "<group>"; };
		CC0D24F92185E16500FA2718 /* VIPGuestPass.swift */ = {isa = PBXFileReference; lastKnownFileType = sourcecode.swift; path = VIPGuestPass.swift; sourceTree = "<group>"; };
		CC0D24FB2185E90000FA2718 /* FreeChildGuestPass.swift */ = {isa = PBXFileReference; lastKnownFileType = sourcecode.swift; path = FreeChildGuestPass.swift; sourceTree = "<group>"; };
		CC0D24FD2185EC4C00FA2718 /* GuestPass.swift */ = {isa = PBXFileReference; lastKnownFileType = sourcecode.swift; path = GuestPass.swift; sourceTree = "<group>"; };
		CC0D25002185FE0500FA2718 /* Errors.swift */ = {isa = PBXFileReference; lastKnownFileType = sourcecode.swift; path = Errors.swift; sourceTree = "<group>"; };
		CC0D250A218626FE00FA2718 /* HourlyEmployeeFoodServicesPass.swift */ = {isa = PBXFileReference; lastKnownFileType = sourcecode.swift; path = HourlyEmployeeFoodServicesPass.swift; sourceTree = "<group>"; };
		CC0D250C2186271C00FA2718 /* HourlyEmployeeRideServicesPass.swift */ = {isa = PBXFileReference; lastKnownFileType = sourcecode.swift; path = HourlyEmployeeRideServicesPass.swift; sourceTree = "<group>"; };
		CC0D250E2186273000FA2718 /* HourlyEmployeeMaintenancePass.swift */ = {isa = PBXFileReference; lastKnownFileType = sourcecode.swift; path = HourlyEmployeeMaintenancePass.swift; sourceTree = "<group>"; };
		CC0D251021862A2B00FA2718 /* ManagerPass.swift */ = {isa = PBXFileReference; lastKnownFileType = sourcecode.swift; path = ManagerPass.swift; sourceTree = "<group>"; };
		CC19B2FC2188CD7A00BAA109 /* AccessPassGeneratorAppTester.swift */ = {isa = PBXFileReference; lastKnownFileType = sourcecode.swift; path = AccessPassGeneratorAppTester.swift; sourceTree = "<group>"; };
		CCD7A74221D7259900E00B71 /* SeasonGuestPass.swift */ = {isa = PBXFileReference; lastKnownFileType = sourcecode.swift; path = SeasonGuestPass.swift; sourceTree = "<group>"; };
		CCD7A74421D725FE00E00B71 /* SeniorGuestPass.swift */ = {isa = PBXFileReference; lastKnownFileType = sourcecode.swift; path = SeniorGuestPass.swift; sourceTree = "<group>"; };
		CCD7A74821D72EC800E00B71 /* ContractEmployeePass.swift */ = {isa = PBXFileReference; lastKnownFileType = sourcecode.swift; path = ContractEmployeePass.swift; sourceTree = "<group>"; };
/* End PBXFileReference section */

/* Begin PBXFrameworksBuildPhase section */
		CC0D24B52185740E00FA2718 /* Frameworks */ = {
			isa = PBXFrameworksBuildPhase;
			buildActionMask = 2147483647;
			files = (
			);
			runOnlyForDeploymentPostprocessing = 0;
		};
/* End PBXFrameworksBuildPhase section */

/* Begin PBXGroup section */
		CC0D24AF2185740E00FA2718 = {
			isa = PBXGroup;
			children = (
				CC0D24BA2185740E00FA2718 /* AmusementParkAccessPassGeneratorApp */,
				CC0D24B92185740E00FA2718 /* Products */,
			);
			sourceTree = "<group>";
		};
		CC0D24B92185740E00FA2718 /* Products */ = {
			isa = PBXGroup;
			children = (
				CC0D24B82185740E00FA2718 /* AmusementParkAccessPassGeneratorApp.app */,
			);
			name = Products;
			sourceTree = "<group>";
		};
		CC0D24BA2185740E00FA2718 /* AmusementParkAccessPassGeneratorApp */ = {
			isa = PBXGroup;
			children = (
				CC0D24CD2185743800FA2718 /* Models */,
				CC19B2FC2188CD7A00BAA109 /* AccessPassGeneratorAppTester.swift */,
				CC0D24BB2185740E00FA2718 /* AppDelegate.swift */,
				CC0D24BD2185740E00FA2718 /* ViewController.swift */,
				CC0D24BF2185740E00FA2718 /* Main.storyboard */,
				CC0D24C22185741100FA2718 /* Assets.xcassets */,
				CC0D24C42185741100FA2718 /* LaunchScreen.storyboard */,
				CC0D24C72185741100FA2718 /* Info.plist */,
			);
			path = AmusementParkAccessPassGeneratorApp;
			sourceTree = "<group>";
		};
		CC0D24CD2185743800FA2718 /* Models */ = {
			isa = PBXGroup;
			children = (
				CC0D24F42185DF1D00FA2718 /* Protocols */,
				CC0D24D221857FE100FA2718 /* ParkEntrant.swift */,
				CC0D24F52185E07200FA2718 /* ParkPasses */,
				CC0D24DA218583CC00FA2718 /* PassCategories.swift */,
				CC0D24DC2185855200FA2718 /* AccessPassPrivileges.swift */,
				CC0D25002185FE0500FA2718 /* Errors.swift */,
			);
			path = Models;
			sourceTree = "<group>";
		};
		CC0D24F42185DF1D00FA2718 /* Protocols */ = {
			isa = PBXGroup;
			children = (
				CC0D24D021857B5700FA2718 /* Entrant.swift */,
				CC0D24CE21857B0900FA2718 /* AccessPass.swift */,
				CC0D24DE2185866000FA2718 /* Swipable.swift */,
			);
			path = Protocols;
			sourceTree = "<group>";
		};
		CC0D24F52185E07200FA2718 /* ParkPasses */ = {
			isa = PBXGroup;
			children = (
				CCD7A74721D72C3D00E00B71 /* VendorPass */,
				CC0D24F82185E0E000FA2718 /* ManagerPass */,
				CC0D24F72185E0D300FA2718 /* EmployeePass */,
				CC0D24F62185E0C400FA2718 /* GuestPass */,
				CC0D24E4218591BF00FA2718 /* ParkPass.swift */,
				CC0D24FD2185EC4C00FA2718 /* GuestPass.swift */,
			);
			path = ParkPasses;
			sourceTree = "<group>";
		};
		CC0D24F62185E0C400FA2718 /* GuestPass */ = {
			isa = PBXGroup;
			children = (
				CC0D24EC2185BA4200FA2718 /* ClassicGuestPass.swift */,
				CC0D24F92185E16500FA2718 /* VIPGuestPass.swift */,
				CC0D24FB2185E90000FA2718 /* FreeChildGuestPass.swift */,
				CCD7A74221D7259900E00B71 /* SeasonGuestPass.swift */,
				CCD7A74421D725FE00E00B71 /* SeniorGuestPass.swift */,
			);
			path = GuestPass;
			sourceTree = "<group>";
		};
		CC0D24F72185E0D300FA2718 /* EmployeePass */ = {
			isa = PBXGroup;
			children = (
				CC0D250A218626FE00FA2718 /* HourlyEmployeeFoodServicesPass.swift */,
				CC0D250C2186271C00FA2718 /* HourlyEmployeeRideServicesPass.swift */,
				CC0D250E2186273000FA2718 /* HourlyEmployeeMaintenancePass.swift */,
				CCD7A74821D72EC800E00B71 /* ContractEmployeePass.swift */,
			);
			path = EmployeePass;
			sourceTree = "<group>";
		};
		CC0D24F82185E0E000FA2718 /* ManagerPass */ = {
			isa = PBXGroup;
			children = (
				CC0D251021862A2B00FA2718 /* ManagerPass.swift */,
			);
			path = ManagerPass;
			sourceTree = "<group>";
		};
		CCD7A74721D72C3D00E00B71 /* VendorPass */ = {
			isa = PBXGroup;
			children = (
			);
			path = VendorPass;
			sourceTree = "<group>";
		};
/* End PBXGroup section */

/* Begin PBXNativeTarget section */
		CC0D24B72185740E00FA2718 /* AmusementParkAccessPassGeneratorApp */ = {
			isa = PBXNativeTarget;
			buildConfigurationList = CC0D24CA2185741100FA2718 /* Build configuration list for PBXNativeTarget "AmusementParkAccessPassGeneratorApp" */;
			buildPhases = (
				CC0D24B42185740E00FA2718 /* Sources */,
				CC0D24B52185740E00FA2718 /* Frameworks */,
				CC0D24B62185740E00FA2718 /* Resources */,
			);
			buildRules = (
			);
			dependencies = (
			);
			name = AmusementParkAccessPassGeneratorApp;
			productName = AmusementParkAccessPassGeneratorApp;
			productReference = CC0D24B82185740E00FA2718 /* AmusementParkAccessPassGeneratorApp.app */;
			productType = "com.apple.product-type.application";
		};
/* End PBXNativeTarget section */

/* Begin PBXProject section */
		CC0D24B02185740E00FA2718 /* Project object */ = {
			isa = PBXProject;
			attributes = {
				LastSwiftUpdateCheck = 1000;
				LastUpgradeCheck = 1000;
				ORGANIZATIONNAME = AbhilashApps;
				TargetAttributes = {
					CC0D24B72185740E00FA2718 = {
						CreatedOnToolsVersion = 10.0;
					};
				};
			};
			buildConfigurationList = CC0D24B32185740E00FA2718 /* Build configuration list for PBXProject "AmusementParkAccessPassGeneratorApp" */;
			compatibilityVersion = "Xcode 9.3";
			developmentRegion = en;
			hasScannedForEncodings = 0;
			knownRegions = (
				en,
				Base,
			);
			mainGroup = CC0D24AF2185740E00FA2718;
			productRefGroup = CC0D24B92185740E00FA2718 /* Products */;
			projectDirPath = "";
			projectRoot = "";
			targets = (
				CC0D24B72185740E00FA2718 /* AmusementParkAccessPassGeneratorApp */,
			);
		};
/* End PBXProject section */

/* Begin PBXResourcesBuildPhase section */
		CC0D24B62185740E00FA2718 /* Resources */ = {
			isa = PBXResourcesBuildPhase;
			buildActionMask = 2147483647;
			files = (
				CC0D24C62185741100FA2718 /* LaunchScreen.storyboard in Resources */,
				CC0D24C32185741100FA2718 /* Assets.xcassets in Resources */,
				CC0D24C12185740E00FA2718 /* Main.storyboard in Resources */,
			);
			runOnlyForDeploymentPostprocessing = 0;
		};
/* End PBXResourcesBuildPhase section */

/* Begin PBXSourcesBuildPhase section */
		CC0D24B42185740E00FA2718 /* Sources */ = {
			isa = PBXSourcesBuildPhase;
			buildActionMask = 2147483647;
			files = (
				CC0D24FC2185E90000FA2718 /* FreeChildGuestPass.swift in Sources */,
				CC0D24DB218583CC00FA2718 /* PassCategories.swift in Sources */,
				CC0D24D321857FE100FA2718 /* ParkEntrant.swift in Sources */,
				CC0D24FE2185EC4C00FA2718 /* GuestPass.swift in Sources */,
				CCD7A74921D72EC800E00B71 /* ContractEmployeePass.swift in Sources */,
				CC0D24DF2185866000FA2718 /* Swipable.swift in Sources */,
				CC0D250B218626FE00FA2718 /* HourlyEmployeeFoodServicesPass.swift in Sources */,
				CC0D24DD2185855200FA2718 /* AccessPassPrivileges.swift in Sources */,
				CC0D24BE2185740E00FA2718 /* ViewController.swift in Sources */,
				CCD7A74321D7259900E00B71 /* SeasonGuestPass.swift in Sources */,
				CCD7A74521D725FE00E00B71 /* SeniorGuestPass.swift in Sources */,
				CC0D24E5218591BF00FA2718 /* ParkPass.swift in Sources */,
				CC0D24CF21857B0900FA2718 /* AccessPass.swift in Sources */,
				CC0D25012185FE0500FA2718 /* Errors.swift in Sources */,
				CC0D251121862A2B00FA2718 /* ManagerPass.swift in Sources */,
				CC0D24FA2185E16500FA2718 /* VIPGuestPass.swift in Sources */,
				CC0D24ED2185BA4200FA2718 /* ClassicGuestPass.swift in Sources */,
				CC0D24D121857B5700FA2718 /* Entrant.swift in Sources */,
				CC0D250D2186271C00FA2718 /* HourlyEmployeeRideServicesPass.swift in Sources */,
				CC0D24BC2185740E00FA2718 /* AppDelegate.swift in Sources */,
				CC0D250F2186273000FA2718 /* HourlyEmployeeMaintenancePass.swift in Sources */,
				CC19B2FD2188CD7A00BAA109 /* AccessPassGeneratorAppTester.swift in Sources */,
			);
			runOnlyForDeploymentPostprocessing = 0;
		};
/* End PBXSourcesBuildPhase section */

/* Begin PBXVariantGroup section */
		CC0D24BF2185740E00FA2718 /* Main.storyboard */ = {
			isa = PBXVariantGroup;
			children = (
				CC0D24C02185740E00FA2718 /* Base */,
			);
			name = Main.storyboard;
			sourceTree = "<group>";
		};
		CC0D24C42185741100FA2718 /* LaunchScreen.storyboard */ = {
			isa = PBXVariantGroup;
			children = (
				CC0D24C52185741100FA2718 /* Base */,
			);
			name = LaunchScreen.storyboard;
			sourceTree = "<group>";
		};
/* End PBXVariantGroup section */

/* Begin XCBuildConfiguration section */
		CC0D24C82185741100FA2718 /* Debug */ = {
			isa = XCBuildConfiguration;
			buildSettings = {
				ALWAYS_SEARCH_USER_PATHS = NO;
				CLANG_ANALYZER_NONNULL = YES;
				CLANG_ANALYZER_NUMBER_OBJECT_CONVERSION = YES_AGGRESSIVE;
				CLANG_CXX_LANGUAGE_STANDARD = "gnu++14";
				CLANG_CXX_LIBRARY = "libc++";
				CLANG_ENABLE_MODULES = YES;
				CLANG_ENABLE_OBJC_ARC = YES;
				CLANG_ENABLE_OBJC_WEAK = YES;
				CLANG_WARN_BLOCK_CAPTURE_AUTORELEASING = YES;
				CLANG_WARN_BOOL_CONVERSION = YES;
				CLANG_WARN_COMMA = YES;
				CLANG_WARN_CONSTANT_CONVERSION = YES;
				CLANG_WARN_DEPRECATED_OBJC_IMPLEMENTATIONS = YES;
				CLANG_WARN_DIRECT_OBJC_ISA_USAGE = YES_ERROR;
				CLANG_WARN_DOCUMENTATION_COMMENTS = YES;
				CLANG_WARN_EMPTY_BODY = YES;
				CLANG_WARN_ENUM_CONVERSION = YES;
				CLANG_WARN_INFINITE_RECURSION = YES;
				CLANG_WARN_INT_CONVERSION = YES;
				CLANG_WARN_NON_LITERAL_NULL_CONVERSION = YES;
				CLANG_WARN_OBJC_IMPLICIT_RETAIN_SELF = YES;
				CLANG_WARN_OBJC_LITERAL_CONVERSION = YES;
				CLANG_WARN_OBJC_ROOT_CLASS = YES_ERROR;
				CLANG_WARN_RANGE_LOOP_ANALYSIS = YES;
				CLANG_WARN_STRICT_PROTOTYPES = YES;
				CLANG_WARN_SUSPICIOUS_MOVE = YES;
				CLANG_WARN_UNGUARDED_AVAILABILITY = YES_AGGRESSIVE;
				CLANG_WARN_UNREACHABLE_CODE = YES;
				CLANG_WARN__DUPLICATE_METHOD_MATCH = YES;
				CODE_SIGN_IDENTITY = "iPhone Developer";
				COPY_PHASE_STRIP = NO;
				DEBUG_INFORMATION_FORMAT = dwarf;
				ENABLE_STRICT_OBJC_MSGSEND = YES;
				ENABLE_TESTABILITY = YES;
				GCC_C_LANGUAGE_STANDARD = gnu11;
				GCC_DYNAMIC_NO_PIC = NO;
				GCC_NO_COMMON_BLOCKS = YES;
				GCC_OPTIMIZATION_LEVEL = 0;
				GCC_PREPROCESSOR_DEFINITIONS = (
					"DEBUG=1",
					"$(inherited)",
				);
				GCC_WARN_64_TO_32_BIT_CONVERSION = YES;
				GCC_WARN_ABOUT_RETURN_TYPE = YES_ERROR;
				GCC_WARN_UNDECLARED_SELECTOR = YES;
				GCC_WARN_UNINITIALIZED_AUTOS = YES_AGGRESSIVE;
				GCC_WARN_UNUSED_FUNCTION = YES;
				GCC_WARN_UNUSED_VARIABLE = YES;
				IPHONEOS_DEPLOYMENT_TARGET = 12.0;
				MTL_ENABLE_DEBUG_INFO = INCLUDE_SOURCE;
				MTL_FAST_MATH = YES;
				ONLY_ACTIVE_ARCH = YES;
				SDKROOT = iphoneos;
				SWIFT_ACTIVE_COMPILATION_CONDITIONS = DEBUG;
				SWIFT_OPTIMIZATION_LEVEL = "-Onone";
			};
			name = Debug;
		};
		CC0D24C92185741100FA2718 /* Release */ = {
			isa = XCBuildConfiguration;
			buildSettings = {
				ALWAYS_SEARCH_USER_PATHS = NO;
				CLANG_ANALYZER_NONNULL = YES;
				CLANG_ANALYZER_NUMBER_OBJECT_CONVERSION = YES_AGGRESSIVE;
				CLANG_CXX_LANGUAGE_STANDARD = "gnu++14";
				CLANG_CXX_LIBRARY = "libc++";
				CLANG_ENABLE_MODULES = YES;
				CLANG_ENABLE_OBJC_ARC = YES;
				CLANG_ENABLE_OBJC_WEAK = YES;
				CLANG_WARN_BLOCK_CAPTURE_AUTORELEASING = YES;
				CLANG_WARN_BOOL_CONVERSION = YES;
				CLANG_WARN_COMMA = YES;
				CLANG_WARN_CONSTANT_CONVERSION = YES;
				CLANG_WARN_DEPRECATED_OBJC_IMPLEMENTATIONS = YES;
				CLANG_WARN_DIRECT_OBJC_ISA_USAGE = YES_ERROR;
				CLANG_WARN_DOCUMENTATION_COMMENTS = YES;
				CLANG_WARN_EMPTY_BODY = YES;
				CLANG_WARN_ENUM_CONVERSION = YES;
				CLANG_WARN_INFINITE_RECURSION = YES;
				CLANG_WARN_INT_CONVERSION = YES;
				CLANG_WARN_NON_LITERAL_NULL_CONVERSION = YES;
				CLANG_WARN_OBJC_IMPLICIT_RETAIN_SELF = YES;
				CLANG_WARN_OBJC_LITERAL_CONVERSION = YES;
				CLANG_WARN_OBJC_ROOT_CLASS = YES_ERROR;
				CLANG_WARN_RANGE_LOOP_ANALYSIS = YES;
				CLANG_WARN_STRICT_PROTOTYPES = YES;
				CLANG_WARN_SUSPICIOUS_MOVE = YES;
				CLANG_WARN_UNGUARDED_AVAILABILITY = YES_AGGRESSIVE;
				CLANG_WARN_UNREACHABLE_CODE = YES;
				CLANG_WARN__DUPLICATE_METHOD_MATCH = YES;
				CODE_SIGN_IDENTITY = "iPhone Developer";
				COPY_PHASE_STRIP = NO;
				DEBUG_INFORMATION_FORMAT = "dwarf-with-dsym";
				ENABLE_NS_ASSERTIONS = NO;
				ENABLE_STRICT_OBJC_MSGSEND = YES;
				GCC_C_LANGUAGE_STANDARD = gnu11;
				GCC_NO_COMMON_BLOCKS = YES;
				GCC_WARN_64_TO_32_BIT_CONVERSION = YES;
				GCC_WARN_ABOUT_RETURN_TYPE = YES_ERROR;
				GCC_WARN_UNDECLARED_SELECTOR = YES;
				GCC_WARN_UNINITIALIZED_AUTOS = YES_AGGRESSIVE;
				GCC_WARN_UNUSED_FUNCTION = YES;
				GCC_WARN_UNUSED_VARIABLE = YES;
				IPHONEOS_DEPLOYMENT_TARGET = 12.0;
				MTL_ENABLE_DEBUG_INFO = NO;
				MTL_FAST_MATH = YES;
				SDKROOT = iphoneos;
				SWIFT_COMPILATION_MODE = wholemodule;
				SWIFT_OPTIMIZATION_LEVEL = "-O";
				VALIDATE_PRODUCT = YES;
			};
			name = Release;
		};
		CC0D24CB2185741100FA2718 /* Debug */ = {
			isa = XCBuildConfiguration;
			buildSettings = {
				ASSETCATALOG_COMPILER_APPICON_NAME = AppIcon;
				CODE_SIGN_STYLE = Automatic;
				DEVELOPMENT_TEAM = VVFLQ8BLF2;
				INFOPLIST_FILE = AmusementParkAccessPassGeneratorApp/Info.plist;
				LD_RUNPATH_SEARCH_PATHS = (
					"$(inherited)",
					"@executable_path/Frameworks",
				);
				PRODUCT_BUNDLE_IDENTIFIER = com.abhilashapps.AmusementParkAccessPassGeneratorApp;
				PRODUCT_NAME = "$(TARGET_NAME)";
				SWIFT_VERSION = 4.2;
				TARGETED_DEVICE_FAMILY = 2;
			};
			name = Debug;
		};
		CC0D24CC2185741100FA2718 /* Release */ = {
			isa = XCBuildConfiguration;
			buildSettings = {
				ASSETCATALOG_COMPILER_APPICON_NAME = AppIcon;
				CODE_SIGN_STYLE = Automatic;
				DEVELOPMENT_TEAM = VVFLQ8BLF2;
				INFOPLIST_FILE = AmusementParkAccessPassGeneratorApp/Info.plist;
				LD_RUNPATH_SEARCH_PATHS = (
					"$(inherited)",
					"@executable_path/Frameworks",
				);
				PRODUCT_BUNDLE_IDENTIFIER = com.abhilashapps.AmusementParkAccessPassGeneratorApp;
				PRODUCT_NAME = "$(TARGET_NAME)";
				SWIFT_VERSION = 4.2;
				TARGETED_DEVICE_FAMILY = 2;
			};
			name = Release;
		};
/* End XCBuildConfiguration section */

/* Begin XCConfigurationList section */
		CC0D24B32185740E00FA2718 /* Build configuration list for PBXProject "AmusementParkAccessPassGeneratorApp" */ = {
			isa = XCConfigurationList;
			buildConfigurations = (
				CC0D24C82185741100FA2718 /* Debug */,
				CC0D24C92185741100FA2718 /* Release */,
			);
			defaultConfigurationIsVisible = 0;
			defaultConfigurationName = Release;
		};
		CC0D24CA2185741100FA2718 /* Build configuration list for PBXNativeTarget "AmusementParkAccessPassGeneratorApp" */ = {
			isa = XCConfigurationList;
			buildConfigurations = (
				CC0D24CB2185741100FA2718 /* Debug */,
				CC0D24CC2185741100FA2718 /* Release */,
			);
			defaultConfigurationIsVisible = 0;
			defaultConfigurationName = Release;
		};
/* End XCConfigurationList section */
	};
	rootObject = CC0D24B02185740E00FA2718 /* Project object */;
}
